Microsoft Visual Studio Solution File, Format Version 12.00
# Visual Studio Version 17
VisualStudioVersion = 17.5.2.0
MinimumVisualStudioVersion = 10.0.40219.1
Project("{FAE04EC0-301F-11D3-BF4B-00C04F79EFBC}") = "feetflow.API", "feetflow.API\feetflow.API.csproj", "{5530BE9F-FE72-E671-00CF-BCD20E01136B}"
EndProject
Project("{FAE04EC0-301F-11D3-BF4B-00C04F79EFBC}") = "feetflow.Application", "feetflow.Application\feetflow.Application.csproj", "{A505325E-D185-D93E-8990-2EC94A1F5CC6}"
EndProject
Project("{FAE04EC0-301F-11D3-BF4B-00C04F79EFBC}") = "feetflow.Domain", "feetflow.Domain\feetflow.Domain.csproj", "{C48DB5DD-A72D-45AF-9B80-CAE62AFFF5B4}"
EndProject
Project("{FAE04EC0-301F-11D3-BF4B-00C04F79EFBC}") = "feetflow.Infrastructure", "feetflow.Infrastructure\feetflow.Infrastructure.csproj", "{2AA64641-0BA6-1B1E-1D10-0392A9B5CE53}"
EndProject
Global
	GlobalSection(SolutionConfigurationPlatforms) = preSolution
		Debug|Any CPU = Debug|Any CPU
		Release|Any CPU = Release|Any CPU
	EndGlobalSection
	GlobalSection(ProjectConfigurationPlatforms) = postSolution
		{5530BE9F-FE72-E671-00CF-BCD20E01136B}.Debug|Any CPU.ActiveCfg = Debug|Any CPU
		{5530BE9F-FE72-E671-00CF-BCD20E01136B}.Debug|Any CPU.Build.0 = Debug|Any CPU
		{5530BE9F-FE72-E671-00CF-BCD20E01136B}.Release|Any CPU.ActiveCfg = Release|Any CPU
		{5530BE9F-FE72-E671-00CF-BCD20E01136B}.Release|Any CPU.Build.0 = Release|Any CPU
		{A505325E-D185-D93E-8990-2EC94A1F5CC6}.Debug|Any CPU.ActiveCfg = Debug|Any CPU
		{A505325E-D185-D93E-8990-2EC94A1F5CC6}.Debug|Any CPU.Build.0 = Debug|Any CPU
		{A505325E-D185-D93E-8990-2EC94A1F5CC6}.Release|Any CPU.ActiveCfg = Release|Any CPU
		{A505325E-D185-D93E-8990-2EC94A1F5CC6}.Release|Any CPU.Build.0 = Release|Any CPU
		{C48DB5DD-A72D-45AF-9B80-CAE62AFFF5B4}.Debug|Any CPU.ActiveCfg = Debug|Any CPU
		{C48DB5DD-A72D-45AF-9B80-CAE62AFFF5B4}.Debug|Any CPU.Build.0 = Debug|Any CPU
		{C48DB5DD-A72D-45AF-9B80-CAE62AFFF5B4}.Release|Any CPU.ActiveCfg = Release|Any CPU
		{C48DB5DD-A72D-45AF-9B80-CAE62AFFF5B4}.Release|Any CPU.Build.0 = Release|Any CPU
		{2AA64641-0BA6-1B1E-1D10-0392A9B5CE53}.Debug|Any CPU.ActiveCfg = Debug|Any CPU
		{2AA64641-0BA6-1B1E-1D10-0392A9B5CE53}.Debug|Any CPU.Build.0 = Debug|Any CPU
		{2AA64641-0BA6-1B1E-1D10-0392A9B5CE53}.Release|Any CPU.ActiveCfg = Release|Any CPU
		{2AA64641-0BA6-1B1E-1D10-0392A9B5CE53}.Release|Any CPU.Build.0 = Release|Any CPU
	EndGlobalSection
	GlobalSection(SolutionProperties) = preSolution
		HideSolutionNode = FALSE
	EndGlobalSection
	GlobalSection(ExtensibilityGlobals) = postSolution
		SolutionGuid = {403610B6-65E7-4787-9B4F-FA07412BFF93}
	EndGlobalSection
EndGlobal
