Microsoft Visual Studio Solution File, Format Version 12.00
# Visual Studio Version 17
VisualStudioVersion = 17.5.2.0
MinimumVisualStudioVersion = 10.0.40219.1
Project("{FAE04EC0-301F-11D3-BF4B-00C04F79EFBC}") = "feetflow.Application.Tests", "feetflow.Application.Tests\feetflow.Application.Tests.csproj", "{78F1B5E4-4F45-F013-3739-33F93CFE6881}"
EndProject
Project("{FAE04EC0-301F-11D3-BF4B-00C04F79EFBC}") = "feetflow.Domain.Tests", "feetflow.Domain.Tests\feetflow.Domain.Tests.csproj", "{0C7B48F6-25C4-CF12-CB6A-FA59E6178F50}"
EndProject
Project("{FAE04EC0-301F-11D3-BF4B-00C04F79EFBC}") = "feetflow.Infrastructure.Tests", "feetflow.Infrastructure.Tests\feetflow.Infrastructure.Tests.csproj", "{47E85040-5C40-085A-16CE-AC5D080BFD1B}"
EndProject
Global
	GlobalSection(SolutionConfigurationPlatforms) = preSolution
		Debug|Any CPU = Debug|Any CPU
		Release|Any CPU = Release|Any CPU
	EndGlobalSection
	GlobalSection(ProjectConfigurationPlatforms) = postSolution
		{78F1B5E4-4F45-F013-3739-33F93CFE6881}.Debug|Any CPU.ActiveCfg = Debug|Any CPU
		{78F1B5E4-4F45-F013-3739-33F93CFE6881}.Debug|Any CPU.Build.0 = Debug|Any CPU
		{78F1B5E4-4F45-F013-3739-33F93CFE6881}.Release|Any CPU.ActiveCfg = Release|Any CPU
		{78F1B5E4-4F45-F013-3739-33F93CFE6881}.Release|Any CPU.Build.0 = Release|Any CPU
		{0C7B48F6-25C4-CF12-CB6A-FA59E6178F50}.Debug|Any CPU.ActiveCfg = Debug|Any CPU
		{0C7B48F6-25C4-CF12-CB6A-FA59E6178F50}.Debug|Any CPU.Build.0 = Debug|Any CPU
		{0C7B48F6-25C4-CF12-CB6A-FA59E6178F50}.Release|Any CPU.ActiveCfg = Release|Any CPU
		{0C7B48F6-25C4-CF12-CB6A-FA59E6178F50}.Release|Any CPU.Build.0 = Release|Any CPU
		{47E85040-5C40-085A-16CE-AC5D080BFD1B}.Debug|Any CPU.ActiveCfg = Debug|Any CPU
		{47E85040-5C40-085A-16CE-AC5D080BFD1B}.Debug|Any CPU.Build.0 = Debug|Any CPU
		{47E85040-5C40-085A-16CE-AC5D080BFD1B}.Release|Any CPU.ActiveCfg = Release|Any CPU
		{47E85040-5C40-085A-16CE-AC5D080BFD1B}.Release|Any CPU.Build.0 = Release|Any CPU
	EndGlobalSection
	GlobalSection(SolutionProperties) = preSolution
		HideSolutionNode = FALSE
	EndGlobalSection
	GlobalSection(ExtensibilityGlobals) = postSolution
		SolutionGuid = {5CF875AA-B5D2-42DF-A1BE-FEA50637BE24}
	EndGlobalSection
EndGlobal
